
Microsoft Visual Studio Solution File, Format Version 12.00
# Visual Studio Version 16
VisualStudioVersion = 16.0.31105.61
MinimumVisualStudioVersion = 10.0.40219.1
Project("{FAE04EC0-301F-11D3-BF4B-00C04F79EFBC}") = "HelloAspNet", "HelloAspNet\HelloAspNet.csproj", "{A8CDB875-5C74-4813-B908-2475E81F9EBE}"
EndProject
Project("{FAE04EC0-301F-11D3-BF4B-00C04F79EFBC}") = "HelloAspNet.Tests", "HelloAspNet.Tests\HelloAspNet.Tests.csproj", "{64EC55CD-91E9-41F6-A1E2-86524A261EC8}"
EndProject
Project("{FAE04EC0-301F-11D3-BF4B-00C04F79EFBC}") = "FirstWebApp", "FirstWebApp\FirstWebApp.csproj", "{390B13A5-A3B7-4D55-B663-906040C7394A}"
EndProject
Project("{FAE04EC0-301F-11D3-BF4B-00C04F79EFBC}") = "ValidaitonWebApp", "ValidaitonWebApp\ValidaitonWebApp.csproj", "{D0C7FE02-718D-4457-A923-5E5B43ABA5B7}"
EndProject
Project("{FAE04EC0-301F-11D3-BF4B-00C04F79EFBC}") = "StateMngWebApp", "StateMngWebApp\StateMngWebApp.csproj", "{BD6C1C07-EF42-4B61-8E66-2DFE090F8EDE}"
EndProject
Project("{FAE04EC0-301F-11D3-BF4B-00C04F79EFBC}") = "DbHandlingWebApp", "DbHandlingWebApp\DbHandlingWebApp.csproj", "{2F5C5F4E-A7E5-4F82-99CE-BE03D984BDAA}"
EndProject
Project("{FAE04EC0-301F-11D3-BF4B-00C04F79EFBC}") = "DataControlWebApp", "DataControlWebApp\DataControlWebApp.csproj", "{A4E43FD2-B7CF-48B6-AEC7-34FD92E90F2E}"
EndProject
Project("{00D1A9C2-B5F0-4AF3-8072-F6C62B433612}") = "TestDB-Database", "TestDB-Database\TestDB-Database.sqlproj", "{16E75B1A-73B3-4498-9750-1FC6354670C0}"
EndProject
Project("{FAE04EC0-301F-11D3-BF4B-00C04F79EFBC}") = "LoginWebApp", "LoginWebApp\LoginWebApp.csproj", "{82C53F87-9352-415E-85EF-C57C9B4ED37C}"
EndProject
Global
	GlobalSection(SolutionConfigurationPlatforms) = preSolution
		Debug|Any CPU = Debug|Any CPU
		Release|Any CPU = Release|Any CPU
	EndGlobalSection
	GlobalSection(ProjectConfigurationPlatforms) = postSolution
		{A8CDB875-5C74-4813-B908-2475E81F9EBE}.Debug|Any CPU.ActiveCfg = Debug|Any CPU
		{A8CDB875-5C74-4813-B908-2475E81F9EBE}.Debug|Any CPU.Build.0 = Debug|Any CPU
		{A8CDB875-5C74-4813-B908-2475E81F9EBE}.Release|Any CPU.ActiveCfg = Release|Any CPU
		{A8CDB875-5C74-4813-B908-2475E81F9EBE}.Release|Any CPU.Build.0 = Release|Any CPU
		{64EC55CD-91E9-41F6-A1E2-86524A261EC8}.Debug|Any CPU.ActiveCfg = Debug|Any CPU
		{64EC55CD-91E9-41F6-A1E2-86524A261EC8}.Debug|Any CPU.Build.0 = Debug|Any CPU
		{64EC55CD-91E9-41F6-A1E2-86524A261EC8}.Release|Any CPU.ActiveCfg = Release|Any CPU
		{64EC55CD-91E9-41F6-A1E2-86524A261EC8}.Release|Any CPU.Build.0 = Release|Any CPU
		{390B13A5-A3B7-4D55-B663-906040C7394A}.Debug|Any CPU.ActiveCfg = Debug|Any CPU
		{390B13A5-A3B7-4D55-B663-906040C7394A}.Debug|Any CPU.Build.0 = Debug|Any CPU
		{390B13A5-A3B7-4D55-B663-906040C7394A}.Release|Any CPU.ActiveCfg = Release|Any CPU
		{390B13A5-A3B7-4D55-B663-906040C7394A}.Release|Any CPU.Build.0 = Release|Any CPU
		{D0C7FE02-718D-4457-A923-5E5B43ABA5B7}.Debug|Any CPU.ActiveCfg = Debug|Any CPU
		{D0C7FE02-718D-4457-A923-5E5B43ABA5B7}.Debug|Any CPU.Build.0 = Debug|Any CPU
		{D0C7FE02-718D-4457-A923-5E5B43ABA5B7}.Release|Any CPU.ActiveCfg = Release|Any CPU
		{D0C7FE02-718D-4457-A923-5E5B43ABA5B7}.Release|Any CPU.Build.0 = Release|Any CPU
		{BD6C1C07-EF42-4B61-8E66-2DFE090F8EDE}.Debug|Any CPU.ActiveCfg = Debug|Any CPU
		{BD6C1C07-EF42-4B61-8E66-2DFE090F8EDE}.Debug|Any CPU.Build.0 = Debug|Any CPU
		{BD6C1C07-EF42-4B61-8E66-2DFE090F8EDE}.Release|Any CPU.ActiveCfg = Release|Any CPU
		{BD6C1C07-EF42-4B61-8E66-2DFE090F8EDE}.Release|Any CPU.Build.0 = Release|Any CPU
		{2F5C5F4E-A7E5-4F82-99CE-BE03D984BDAA}.Debug|Any CPU.ActiveCfg = Debug|Any CPU
		{2F5C5F4E-A7E5-4F82-99CE-BE03D984BDAA}.Debug|Any CPU.Build.0 = Debug|Any CPU
		{2F5C5F4E-A7E5-4F82-99CE-BE03D984BDAA}.Release|Any CPU.ActiveCfg = Release|Any CPU
		{2F5C5F4E-A7E5-4F82-99CE-BE03D984BDAA}.Release|Any CPU.Build.0 = Release|Any CPU
		{A4E43FD2-B7CF-48B6-AEC7-34FD92E90F2E}.Debug|Any CPU.ActiveCfg = Debug|Any CPU
		{A4E43FD2-B7CF-48B6-AEC7-34FD92E90F2E}.Debug|Any CPU.Build.0 = Debug|Any CPU
		{A4E43FD2-B7CF-48B6-AEC7-34FD92E90F2E}.Release|Any CPU.ActiveCfg = Release|Any CPU
		{A4E43FD2-B7CF-48B6-AEC7-34FD92E90F2E}.Release|Any CPU.Build.0 = Release|Any CPU
		{16E75B1A-73B3-4498-9750-1FC6354670C0}.Debug|Any CPU.ActiveCfg = Debug|Any CPU
		{16E75B1A-73B3-4498-9750-1FC6354670C0}.Debug|Any CPU.Build.0 = Debug|Any CPU
		{16E75B1A-73B3-4498-9750-1FC6354670C0}.Debug|Any CPU.Deploy.0 = Debug|Any CPU
		{16E75B1A-73B3-4498-9750-1FC6354670C0}.Release|Any CPU.ActiveCfg = Release|Any CPU
		{16E75B1A-73B3-4498-9750-1FC6354670C0}.Release|Any CPU.Build.0 = Release|Any CPU
		{16E75B1A-73B3-4498-9750-1FC6354670C0}.Release|Any CPU.Deploy.0 = Release|Any CPU
		{82C53F87-9352-415E-85EF-C57C9B4ED37C}.Debug|Any CPU.ActiveCfg = Debug|Any CPU
		{82C53F87-9352-415E-85EF-C57C9B4ED37C}.Debug|Any CPU.Build.0 = Debug|Any CPU
		{82C53F87-9352-415E-85EF-C57C9B4ED37C}.Release|Any CPU.ActiveCfg = Release|Any CPU
		{82C53F87-9352-415E-85EF-C57C9B4ED37C}.Release|Any CPU.Build.0 = Release|Any CPU
	EndGlobalSection
	GlobalSection(SolutionProperties) = preSolution
		HideSolutionNode = FALSE
	EndGlobalSection
	GlobalSection(ExtensibilityGlobals) = postSolution
		SolutionGuid = {7577E260-83AE-480E-8077-B412C93C922B}
	EndGlobalSection
EndGlobal
