
Microsoft Visual Studio Solution File, Format Version 12.00
# Visual Studio Version 16
VisualStudioVersion = 16.0.31105.61
MinimumVisualStudioVersion = 10.0.40219.1
Project("{FAE04EC0-301F-11D3-BF4B-00C04F79EFBC}") = "DotNetNote", "DotNetNote\DotNetNote.csproj", "{23D02DBE-0549-4BFD-8429-8FFC3214418A}"
EndProject
Project("{00D1A9C2-B5F0-4AF3-8072-F6C62B433612}") = "DotNetNote Database", "DotNetNote Database\DotNetNote Database.sqlproj", "{37AB41A6-AE2A-4577-8865-180493F3CEF0}"
EndProject
Project("{FAE04EC0-301F-11D3-BF4B-00C04F79EFBC}") = "Helpers", "Helpers\Helpers.csproj", "{FFF553C1-CB42-45F9-9D99-DD9FBC15073A}"
EndProject
Project("{FAE04EC0-301F-11D3-BF4B-00C04F79EFBC}") = "UnitTest", "UnitTest\UnitTest.csproj", "{3F510B0F-381D-4A60-8E02-0414A1F116EE}"
EndProject
Global
	GlobalSection(SolutionConfigurationPlatforms) = preSolution
		Debug|Any CPU = Debug|Any CPU
		Release|Any CPU = Release|Any CPU
	EndGlobalSection
	GlobalSection(ProjectConfigurationPlatforms) = postSolution
		{23D02DBE-0549-4BFD-8429-8FFC3214418A}.Debug|Any CPU.ActiveCfg = Debug|Any CPU
		{23D02DBE-0549-4BFD-8429-8FFC3214418A}.Debug|Any CPU.Build.0 = Debug|Any CPU
		{23D02DBE-0549-4BFD-8429-8FFC3214418A}.Release|Any CPU.ActiveCfg = Release|Any CPU
		{23D02DBE-0549-4BFD-8429-8FFC3214418A}.Release|Any CPU.Build.0 = Release|Any CPU
		{37AB41A6-AE2A-4577-8865-180493F3CEF0}.Debug|Any CPU.ActiveCfg = Debug|Any CPU
		{37AB41A6-AE2A-4577-8865-180493F3CEF0}.Debug|Any CPU.Build.0 = Debug|Any CPU
		{37AB41A6-AE2A-4577-8865-180493F3CEF0}.Debug|Any CPU.Deploy.0 = Debug|Any CPU
		{37AB41A6-AE2A-4577-8865-180493F3CEF0}.Release|Any CPU.ActiveCfg = Release|Any CPU
		{37AB41A6-AE2A-4577-8865-180493F3CEF0}.Release|Any CPU.Build.0 = Release|Any CPU
		{37AB41A6-AE2A-4577-8865-180493F3CEF0}.Release|Any CPU.Deploy.0 = Release|Any CPU
		{FFF553C1-CB42-45F9-9D99-DD9FBC15073A}.Debug|Any CPU.ActiveCfg = Debug|Any CPU
		{FFF553C1-CB42-45F9-9D99-DD9FBC15073A}.Debug|Any CPU.Build.0 = Debug|Any CPU
		{FFF553C1-CB42-45F9-9D99-DD9FBC15073A}.Release|Any CPU.ActiveCfg = Release|Any CPU
		{FFF553C1-CB42-45F9-9D99-DD9FBC15073A}.Release|Any CPU.Build.0 = Release|Any CPU
		{3F510B0F-381D-4A60-8E02-0414A1F116EE}.Debug|Any CPU.ActiveCfg = Debug|Any CPU
		{3F510B0F-381D-4A60-8E02-0414A1F116EE}.Debug|Any CPU.Build.0 = Debug|Any CPU
		{3F510B0F-381D-4A60-8E02-0414A1F116EE}.Release|Any CPU.ActiveCfg = Release|Any CPU
		{3F510B0F-381D-4A60-8E02-0414A1F116EE}.Release|Any CPU.Build.0 = Release|Any CPU
	EndGlobalSection
	GlobalSection(SolutionProperties) = preSolution
		HideSolutionNode = FALSE
	EndGlobalSection
	GlobalSection(ExtensibilityGlobals) = postSolution
		SolutionGuid = {029C4E94-DD89-4AE9-86C6-6F9FF7EEEED1}
	EndGlobalSection
EndGlobal
